
Microsoft Visual Studio Solution File, Format Version 12.00
# Visual Studio Version 16
VisualStudioVersion = 16.0.30717.126
MinimumVisualStudioVersion = 15.0.26124.0
Project("{9A19103F-16F7-4668-BE54-9A1E7A4F7556}") = "paircalculator", "paircalculator\paircalculator.csproj", "{6C22AF5E-3CC2-460B-83EF-920337A04758}"
EndProject
Project("{9A19103F-16F7-4668-BE54-9A1E7A4F7556}") = "pairclienta", "pairclienta\pairclienta.csproj", "{68361DAF-B0A3-4052-8A5E-88C02AE7C647}"
EndProject
Project("{FAE04EC0-301F-11D3-BF4B-00C04F79EFBC}") = "pairclientb", "pairclientb\pairclientb.csproj", "{7C265B22-215A-4C4E-8375-2B14417C43B8}"
EndProject
Project("{FAE04EC0-301F-11D3-BF4B-00C04F79EFBC}") = "pairclientc", "pairclientc\pairclientc.csproj", "{284D551F-8EDD-4D8E-8174-FBBD67174ED1}"
EndProject
Global
	GlobalSection(SolutionConfigurationPlatforms) = preSolution
		Debug|Any CPU = Debug|Any CPU
		Debug|x64 = Debug|x64
		Debug|x86 = Debug|x86
		Release|Any CPU = Release|Any CPU
		Release|x64 = Release|x64
		Release|x86 = Release|x86
	EndGlobalSection
	GlobalSection(ProjectConfigurationPlatforms) = postSolution
		{6C22AF5E-3CC2-460B-83EF-920337A04758}.Debug|Any CPU.ActiveCfg = Debug|Any CPU
		{6C22AF5E-3CC2-460B-83EF-920337A04758}.Debug|Any CPU.Build.0 = Debug|Any CPU
		{6C22AF5E-3CC2-460B-83EF-920337A04758}.Debug|x64.ActiveCfg = Debug|Any CPU
		{6C22AF5E-3CC2-460B-83EF-920337A04758}.Debug|x64.Build.0 = Debug|Any CPU
		{6C22AF5E-3CC2-460B-83EF-920337A04758}.Debug|x86.ActiveCfg = Debug|Any CPU
		{6C22AF5E-3CC2-460B-83EF-920337A04758}.Debug|x86.Build.0 = Debug|Any CPU
		{6C22AF5E-3CC2-460B-83EF-920337A04758}.Release|Any CPU.ActiveCfg = Release|Any CPU
		{6C22AF5E-3CC2-460B-83EF-920337A04758}.Release|Any CPU.Build.0 = Release|Any CPU
		{6C22AF5E-3CC2-460B-83EF-920337A04758}.Release|x64.ActiveCfg = Release|Any CPU
		{6C22AF5E-3CC2-460B-83EF-920337A04758}.Release|x64.Build.0 = Release|Any CPU
		{6C22AF5E-3CC2-460B-83EF-920337A04758}.Release|x86.ActiveCfg = Release|Any CPU
		{6C22AF5E-3CC2-460B-83EF-920337A04758}.Release|x86.Build.0 = Release|Any CPU
		{68361DAF-B0A3-4052-8A5E-88C02AE7C647}.Debug|Any CPU.ActiveCfg = Debug|Any CPU
		{68361DAF-B0A3-4052-8A5E-88C02AE7C647}.Debug|Any CPU.Build.0 = Debug|Any CPU
		{68361DAF-B0A3-4052-8A5E-88C02AE7C647}.Debug|x64.ActiveCfg = Debug|Any CPU
		{68361DAF-B0A3-4052-8A5E-88C02AE7C647}.Debug|x64.Build.0 = Debug|Any CPU
		{68361DAF-B0A3-4052-8A5E-88C02AE7C647}.Debug|x86.ActiveCfg = Debug|Any CPU
		{68361DAF-B0A3-4052-8A5E-88C02AE7C647}.Debug|x86.Build.0 = Debug|Any CPU
		{68361DAF-B0A3-4052-8A5E-88C02AE7C647}.Release|Any CPU.ActiveCfg = Release|Any CPU
		{68361DAF-B0A3-4052-8A5E-88C02AE7C647}.Release|Any CPU.Build.0 = Release|Any CPU
		{68361DAF-B0A3-4052-8A5E-88C02AE7C647}.Release|x64.ActiveCfg = Release|Any CPU
		{68361DAF-B0A3-4052-8A5E-88C02AE7C647}.Release|x64.Build.0 = Release|Any CPU
		{68361DAF-B0A3-4052-8A5E-88C02AE7C647}.Release|x86.ActiveCfg = Release|Any CPU
		{68361DAF-B0A3-4052-8A5E-88C02AE7C647}.Release|x86.Build.0 = Release|Any CPU
		{7C265B22-215A-4C4E-8375-2B14417C43B8}.Debug|Any CPU.ActiveCfg = Debug|Any CPU
		{7C265B22-215A-4C4E-8375-2B14417C43B8}.Debug|Any CPU.Build.0 = Debug|Any CPU
		{7C265B22-215A-4C4E-8375-2B14417C43B8}.Debug|x64.ActiveCfg = Debug|Any CPU
		{7C265B22-215A-4C4E-8375-2B14417C43B8}.Debug|x64.Build.0 = Debug|Any CPU
		{7C265B22-215A-4C4E-8375-2B14417C43B8}.Debug|x86.ActiveCfg = Debug|Any CPU
		{7C265B22-215A-4C4E-8375-2B14417C43B8}.Debug|x86.Build.0 = Debug|Any CPU
		{7C265B22-215A-4C4E-8375-2B14417C43B8}.Release|Any CPU.ActiveCfg = Release|Any CPU
		{7C265B22-215A-4C4E-8375-2B14417C43B8}.Release|Any CPU.Build.0 = Release|Any CPU
		{7C265B22-215A-4C4E-8375-2B14417C43B8}.Release|x64.ActiveCfg = Release|Any CPU
		{7C265B22-215A-4C4E-8375-2B14417C43B8}.Release|x64.Build.0 = Release|Any CPU
		{7C265B22-215A-4C4E-8375-2B14417C43B8}.Release|x86.ActiveCfg = Release|Any CPU
		{7C265B22-215A-4C4E-8375-2B14417C43B8}.Release|x86.Build.0 = Release|Any CPU
		{284D551F-8EDD-4D8E-8174-FBBD67174ED1}.Debug|Any CPU.ActiveCfg = Debug|Any CPU
		{284D551F-8EDD-4D8E-8174-FBBD67174ED1}.Debug|Any CPU.Build.0 = Debug|Any CPU
		{284D551F-8EDD-4D8E-8174-FBBD67174ED1}.Debug|x64.ActiveCfg = Debug|Any CPU
		{284D551F-8EDD-4D8E-8174-FBBD67174ED1}.Debug|x64.Build.0 = Debug|Any CPU
		{284D551F-8EDD-4D8E-8174-FBBD67174ED1}.Debug|x86.ActiveCfg = Debug|Any CPU
		{284D551F-8EDD-4D8E-8174-FBBD67174ED1}.Debug|x86.Build.0 = Debug|Any CPU
		{284D551F-8EDD-4D8E-8174-FBBD67174ED1}.Release|Any CPU.ActiveCfg = Release|Any CPU
		{284D551F-8EDD-4D8E-8174-FBBD67174ED1}.Release|Any CPU.Build.0 = Release|Any CPU
		{284D551F-8EDD-4D8E-8174-FBBD67174ED1}.Release|x64.ActiveCfg = Release|Any CPU
		{284D551F-8EDD-4D8E-8174-FBBD67174ED1}.Release|x64.Build.0 = Release|Any CPU
		{284D551F-8EDD-4D8E-8174-FBBD67174ED1}.Release|x86.ActiveCfg = Release|Any CPU
		{284D551F-8EDD-4D8E-8174-FBBD67174ED1}.Release|x86.Build.0 = Release|Any CPU
	EndGlobalSection
	GlobalSection(SolutionProperties) = preSolution
		HideSolutionNode = FALSE
	EndGlobalSection
	GlobalSection(ExtensibilityGlobals) = postSolution
		SolutionGuid = {023316B2-58EE-4F0A-A96C-B3F9F4674C2A}
	EndGlobalSection
EndGlobal
